// !$*UTF8*$!
{
	archiveVersion = 1;
	classes = {
	};
	objectVersion = 46;
	objects = {

/* Begin PBXBuildFile section */
		72184A3919257E260008211F /* AVFoundation.framework in Frameworks */ = {isa = PBXBuildFile; fileRef = 72184A3819257E260008211F /* AVFoundation.framework */; };
		72184A3E192588640008211F /* MusicDelegate.m in Sources */ = {isa = PBXBuildFile; fileRef = 72184A3D192588640008211F /* MusicDelegate.m */; };
		72BFB4741919098B00F1A8C8 /* Foundation.framework in Frameworks */ = {isa = PBXBuildFile; fileRef = 72BFB4731919098B00F1A8C8 /* Foundation.framework */; };
		72BFB4761919098B00F1A8C8 /* CoreGraphics.framework in Frameworks */ = {isa = PBXBuildFile; fileRef = 72BFB4751919098B00F1A8C8 /* CoreGraphics.framework */; };
		72BFB4781919098B00F1A8C8 /* UIKit.framework in Frameworks */ = {isa = PBXBuildFile; fileRef = 72BFB4771919098B00F1A8C8 /* UIKit.framework */; };
		72BFB47E1919098B00F1A8C8 /* InfoPlist.strings in Resources */ = {isa = PBXBuildFile; fileRef = 72BFB47C1919098B00F1A8C8 /* InfoPlist.strings */; };
		72BFB4801919098B00F1A8C8 /* main.m in Sources */ = {isa = PBXBuildFile; fileRef = 72BFB47F1919098B00F1A8C8 /* main.m */; };
		72BFB4841919098B00F1A8C8 /* AppDelegate.m in Sources */ = {isa = PBXBuildFile; fileRef = 72BFB4831919098B00F1A8C8 /* AppDelegate.m */; };
		72BFB4861919098B00F1A8C8 /* Images.xcassets in Resources */ = {isa = PBXBuildFile; fileRef = 72BFB4851919098B00F1A8C8 /* Images.xcassets */; };
		72BFB48D1919098B00F1A8C8 /* XCTest.framework in Frameworks */ = {isa = PBXBuildFile; fileRef = 72BFB48C1919098B00F1A8C8 /* XCTest.framework */; };
		72BFB48E1919098B00F1A8C8 /* Foundation.framework in Frameworks */ = {isa = PBXBuildFile; fileRef = 72BFB4731919098B00F1A8C8 /* Foundation.framework */; };
		72BFB48F1919098B00F1A8C8 /* UIKit.framework in Frameworks */ = {isa = PBXBuildFile; fileRef = 72BFB4771919098B00F1A8C8 /* UIKit.framework */; };
		72BFB4971919098B00F1A8C8 /* InfoPlist.strings in Resources */ = {isa = PBXBuildFile; fileRef = 72BFB4951919098B00F1A8C8 /* InfoPlist.strings */; };
		72BFB4991919098B00F1A8C8 /* PegJumperTests.m in Sources */ = {isa = PBXBuildFile; fileRef = 72BFB4981919098B00F1A8C8 /* PegJumperTests.m */; };
		72BFB4AD1919FD1200F1A8C8 /* PegData.m in Sources */ = {isa = PBXBuildFile; fileRef = 72BFB4AC1919FD1200F1A8C8 /* PegData.m */; };
		72C0809E1922463000C02E02 /* HellBunny.m in Sources */ = {isa = PBXBuildFile; fileRef = 72C0809D1922463000C02E02 /* HellBunny.m */; };
/* End PBXBuildFile section */

/* Begin PBXContainerItemProxy section */
		72BFB4901919098B00F1A8C8 /* PBXContainerItemProxy */ = {
			isa = PBXContainerItemProxy;
			containerPortal = 72BFB4681919098B00F1A8C8 /* Project object */;
			proxyType = 1;
			remoteGlobalIDString = 72BFB46F1919098B00F1A8C8;
			remoteInfo = PegJumper;
		};
/* End PBXContainerItemProxy section */

/* Begin PBXFileReference section */
		72184A3819257E260008211F /* AVFoundation.framework */ = {isa = PBXFileReference; lastKnownFileType = wrapper.framework; name = AVFoundation.framework; path = System/Library/Frameworks/AVFoundation.framework; sourceTree = SDKROOT; };
		72184A3C192588640008211F /* MusicDelegate.h */ = {isa = PBXFileReference; fileEncoding = 4; lastKnownFileType = sourcecode.c.h; path = MusicDelegate.h; sourceTree = "<group>"; };
		72184A3D192588640008211F /* MusicDelegate.m */ = {isa = PBXFileReference; fileEncoding = 4; lastKnownFileType = sourcecode.c.objc; path = MusicDelegate.m; sourceTree = "<group>"; };
		72BFB4701919098B00F1A8C8 /* PegJumper.app */ = {isa = PBXFileReference; explicitFileType = wrapper.application; includeInIndex = 0; path = PegJumper.app; sourceTree = BUILT_PRODUCTS_DIR; };
		72BFB4731919098B00F1A8C8 /* Foundation.framework */ = {isa = PBXFileReference; lastKnownFileType = wrapper.framework; name = Foundation.framework; path = System/Library/Frameworks/Foundation.framework; sourceTree = SDKROOT; };
		72BFB4751919098B00F1A8C8 /* CoreGraphics.framework */ = {isa = PBXFileReference; lastKnownFileType = wrapper.framework; name = CoreGraphics.framework; path = System/Library/Frameworks/CoreGraphics.framework; sourceTree = SDKROOT; };
		72BFB4771919098B00F1A8C8 /* UIKit.framework */ = {isa = PBXFileReference; lastKnownFileType = wrapper.framework; name = UIKit.framework; path = System/Library/Frameworks/UIKit.framework; sourceTree = SDKROOT; };
		72BFB47B1919098B00F1A8C8 /* PegJumper-Info.plist */ = {isa = PBXFileReference; lastKnownFileType = text.plist.xml; path = "PegJumper-Info.plist"; sourceTree = "<group>"; };
		72BFB47D1919098B00F1A8C8 /* en */ = {isa = PBXFileReference; lastKnownFileType = text.plist.strings; name = en; path = en.lproj/InfoPlist.strings; sourceTree = "<group>"; };
		72BFB47F1919098B00F1A8C8 /* main.m */ = {isa = PBXFileReference; lastKnownFileType = sourcecode.c.objc; path = main.m; sourceTree = "<group>"; };
		72BFB4811919098B00F1A8C8 /* PegJumper-Prefix.pch */ = {isa = PBXFileReference; lastKnownFileType = sourcecode.c.h; path = "PegJumper-Prefix.pch"; sourceTree = "<group>"; };
		72BFB4821919098B00F1A8C8 /* AppDelegate.h */ = {isa = PBXFileReference; lastKnownFileType = sourcecode.c.h; path = AppDelegate.h; sourceTree = "<group>"; };
		72BFB4831919098B00F1A8C8 /* AppDelegate.m */ = {isa = PBXFileReference; lastKnownFileType = sourcecode.c.objc; path = AppDelegate.m; sourceTree = "<group>"; };
		72BFB4851919098B00F1A8C8 /* Images.xcassets */ = {isa = PBXFileReference; lastKnownFileType = folder.assetcatalog; path = Images.xcassets; sourceTree = "<group>"; };
		72BFB48B1919098B00F1A8C8 /* PegJumperTests.xctest */ = {isa = PBXFileReference; explicitFileType = wrapper.cfbundle; includeInIndex = 0; path = PegJumperTests.xctest; sourceTree = BUILT_PRODUCTS_DIR; };
		72BFB48C1919098B00F1A8C8 /* XCTest.framework */ = {isa = PBXFileReference; lastKnownFileType = wrapper.framework; name = XCTest.framework; path = Library/Frameworks/XCTest.framework; sourceTree = DEVELOPER_DIR; };
		72BFB4941919098B00F1A8C8 /* PegJumperTests-Info.plist */ = {isa = PBXFileReference; lastKnownFileType = text.plist.xml; path = "PegJumperTests-Info.plist"; sourceTree = "<group>"; };
		72BFB4961919098B00F1A8C8 /* en */ = {isa = PBXFileReference; lastKnownFileType = text.plist.strings; name = en; path = en.lproj/InfoPlist.strings; sourceTree = "<group>"; };
		72BFB4981919098B00F1A8C8 /* PegJumperTests.m */ = {isa = PBXFileReference; lastKnownFileType = sourcecode.c.objc; path = PegJumperTests.m; sourceTree = "<group>"; };
		72BFB4AB1919FD1200F1A8C8 /* PegData.h */ = {isa = PBXFileReference; fileEncoding = 4; lastKnownFileType = sourcecode.c.h; path = PegData.h; sourceTree = "<group>"; };
		72BFB4AC1919FD1200F1A8C8 /* PegData.m */ = {isa = PBXFileReference; fileEncoding = 4; lastKnownFileType = sourcecode.c.objc; path = PegData.m; sourceTree = "<group>"; };
		72C0809C1922463000C02E02 /* HellBunny.h */ = {isa = PBXFileReference; fileEncoding = 4; lastKnownFileType = sourcecode.c.h; name = HellBunny.h; path = ../HellBunny.h; sourceTree = "<group>"; };
		72C0809D1922463000C02E02 /* HellBunny.m */ = {isa = PBXFileReference; fileEncoding = 4; lastKnownFileType = sourcecode.c.objc; name = HellBunny.m; path = ../HellBunny.m; sourceTree = "<group>"; };
/* End PBXFileReference section */

/* Begin PBXFrameworksBuildPhase section */
		72BFB46D1919098B00F1A8C8 /* Frameworks */ = {
			isa = PBXFrameworksBuildPhase;
			buildActionMask = 2147483647;
			files = (
				72184A3919257E260008211F /* AVFoundation.framework in Frameworks */,
				72BFB4761919098B00F1A8C8 /* CoreGraphics.framework in Frameworks */,
				72BFB4781919098B00F1A8C8 /* UIKit.framework in Frameworks */,
				72BFB4741919098B00F1A8C8 /* Foundation.framework in Frameworks */,
			);
			runOnlyForDeploymentPostprocessing = 0;
		};
		72BFB4881919098B00F1A8C8 /* Frameworks */ = {
			isa = PBXFrameworksBuildPhase;
			buildActionMask = 2147483647;
			files = (
				72BFB48D1919098B00F1A8C8 /* XCTest.framework in Frameworks */,
				72BFB48F1919098B00F1A8C8 /* UIKit.framework in Frameworks */,
				72BFB48E1919098B00F1A8C8 /* Foundation.framework in Frameworks */,
			);
			runOnlyForDeploymentPostprocessing = 0;
		};
/* End PBXFrameworksBuildPhase section */

/* Begin PBXGroup section */
		72BFB4671919098B00F1A8C8 = {
			isa = PBXGroup;
			children = (
				72BFB4791919098B00F1A8C8 /* PegJumper */,
				72BFB4921919098B00F1A8C8 /* PegJumperTests */,
				72BFB4721919098B00F1A8C8 /* Frameworks */,
				72BFB4711919098B00F1A8C8 /* Products */,
			);
			sourceTree = "<group>";
		};
		72BFB4711919098B00F1A8C8 /* Products */ = {
			isa = PBXGroup;
			children = (
				72BFB4701919098B00F1A8C8 /* PegJumper.app */,
				72BFB48B1919098B00F1A8C8 /* PegJumperTests.xctest */,
			);
			name = Products;
			sourceTree = "<group>";
		};
		72BFB4721919098B00F1A8C8 /* Frameworks */ = {
			isa = PBXGroup;
			children = (
				72184A3819257E260008211F /* AVFoundation.framework */,
				72BFB4731919098B00F1A8C8 /* Foundation.framework */,
				72BFB4751919098B00F1A8C8 /* CoreGraphics.framework */,
				72BFB4771919098B00F1A8C8 /* UIKit.framework */,
				72BFB48C1919098B00F1A8C8 /* XCTest.framework */,
			);
			name = Frameworks;
			sourceTree = "<group>";
		};
		72BFB4791919098B00F1A8C8 /* PegJumper */ = {
			isa = PBXGroup;
			children = (
				72C0809C1922463000C02E02 /* HellBunny.h */,
				72C0809D1922463000C02E02 /* HellBunny.m */,
				72BFB4821919098B00F1A8C8 /* AppDelegate.h */,
				72BFB4831919098B00F1A8C8 /* AppDelegate.m */,
				72BFB4851919098B00F1A8C8 /* Images.xcassets */,
				72BFB47A1919098B00F1A8C8 /* Supporting Files */,
				72BFB4AB1919FD1200F1A8C8 /* PegData.h */,
				72BFB4AC1919FD1200F1A8C8 /* PegData.m */,
				72184A3C192588640008211F /* MusicDelegate.h */,
				72184A3D192588640008211F /* MusicDelegate.m */,
			);
			path = PegJumper;
			sourceTree = "<group>";
		};
		72BFB47A1919098B00F1A8C8 /* Supporting Files */ = {
			isa = PBXGroup;
			children = (
				72BFB47B1919098B00F1A8C8 /* PegJumper-Info.plist */,
				72BFB47C1919098B00F1A8C8 /* InfoPlist.strings */,
				72BFB47F1919098B00F1A8C8 /* main.m */,
				72BFB4811919098B00F1A8C8 /* PegJumper-Prefix.pch */,
			);
			name = "Supporting Files";
			sourceTree = "<group>";
		};
		72BFB4921919098B00F1A8C8 /* PegJumperTests */ = {
			isa = PBXGroup;
			children = (
				72BFB4981919098B00F1A8C8 /* PegJumperTests.m */,
				72BFB4931919098B00F1A8C8 /* Supporting Files */,
			);
			path = PegJumperTests;
			sourceTree = "<group>";
		};
		72BFB4931919098B00F1A8C8 /* Supporting Files */ = {
			isa = PBXGroup;
			children = (
				72BFB4941919098B00F1A8C8 /* PegJumperTests-Info.plist */,
				72BFB4951919098B00F1A8C8 /* InfoPlist.strings */,
			);
			name = "Supporting Files";
			sourceTree = "<group>";
		};
/* End PBXGroup section */

/* Begin PBXNativeTarget section */
		72BFB46F1919098B00F1A8C8 /* PegJumper */ = {
			isa = PBXNativeTarget;
			buildConfigurationList = 72BFB49C1919098B00F1A8C8 /* Build configuration list for PBXNativeTarget "PegJumper" */;
			buildPhases = (
				72BFB46C1919098B00F1A8C8 /* Sources */,
				72BFB46D1919098B00F1A8C8 /* Frameworks */,
				72BFB46E1919098B00F1A8C8 /* Resources */,
			);
			buildRules = (
			);
			dependencies = (
			);
			name = PegJumper;
			productName = PegJumper;
			productReference = 72BFB4701919098B00F1A8C8 /* PegJumper.app */;
			productType = "com.apple.product-type.application";
		};
		72BFB48A1919098B00F1A8C8 /* PegJumperTests */ = {
			isa = PBXNativeTarget;
			buildConfigurationList = 72BFB49F1919098B00F1A8C8 /* Build configuration list for PBXNativeTarget "PegJumperTests" */;
			buildPhases = (
				72BFB4871919098B00F1A8C8 /* Sources */,
				72BFB4881919098B00F1A8C8 /* Frameworks */,
				72BFB4891919098B00F1A8C8 /* Resources */,
			);
			buildRules = (
			);
			dependencies = (
				72BFB4911919098B00F1A8C8 /* PBXTargetDependency */,
			);
			name = PegJumperTests;
			productName = PegJumperTests;
			productReference = 72BFB48B1919098B00F1A8C8 /* PegJumperTests.xctest */;
			productType = "com.apple.product-type.bundle.unit-test";
		};
/* End PBXNativeTarget section */

/* Begin PBXProject section */
		72BFB4681919098B00F1A8C8 /* Project object */ = {
			isa = PBXProject;
			attributes = {
				LastUpgradeCheck = 0510;
				TargetAttributes = {
					72BFB48A1919098B00F1A8C8 = {
						TestTargetID = 72BFB46F1919098B00F1A8C8;
					};
				};
			};
			buildConfigurationList = 72BFB46B1919098B00F1A8C8 /* Build configuration list for PBXProject "PegJumper" */;
			compatibilityVersion = "Xcode 3.2";
			developmentRegion = English;
			hasScannedForEncodings = 0;
			knownRegions = (
				en,
			);
			mainGroup = 72BFB4671919098B00F1A8C8;
			productRefGroup = 72BFB4711919098B00F1A8C8 /* Products */;
			projectDirPath = "";
			projectRoot = "";
			targets = (
				72BFB46F1919098B00F1A8C8 /* PegJumper */,
				72BFB48A1919098B00F1A8C8 /* PegJumperTests */,
			);
		};
/* End PBXProject section */

/* Begin PBXResourcesBuildPhase section */
		72BFB46E1919098B00F1A8C8 /* Resources */ = {
			isa = PBXResourcesBuildPhase;
			buildActionMask = 2147483647;
			files = (
				72BFB47E1919098B00F1A8C8 /* InfoPlist.strings in Resources */,
				72BFB4861919098B00F1A8C8 /* Images.xcassets in Resources */,
			);
			runOnlyForDeploymentPostprocessing = 0;
		};
		72BFB4891919098B00F1A8C8 /* Resources */ = {
			isa = PBXResourcesBuildPhase;
			buildActionMask = 2147483647;
			files = (
				72BFB4971919098B00F1A8C8 /* InfoPlist.strings in Resources */,
			);
			runOnlyForDeploymentPostprocessing = 0;
		};
/* End PBXResourcesBuildPhase section */

/* Begin PBXSourcesBuildPhase section */
		72BFB46C1919098B00F1A8C8 /* Sources */ = {
			isa = PBXSourcesBuildPhase;
			buildActionMask = 2147483647;
			files = (
				72BFB4841919098B00F1A8C8 /* AppDelegate.m in Sources */,
				72184A3E192588640008211F /* MusicDelegate.m in Sources */,
				72BFB4AD1919FD1200F1A8C8 /* PegData.m in Sources */,
				72BFB4801919098B00F1A8C8 /* main.m in Sources */,
				72C0809E1922463000C02E02 /* HellBunny.m in Sources */,
			);
			runOnlyForDeploymentPostprocessing = 0;
		};
		72BFB4871919098B00F1A8C8 /* Sources */ = {
			isa = PBXSourcesBuildPhase;
			buildActionMask = 2147483647;
			files = (
				72BFB4991919098B00F1A8C8 /* PegJumperTests.m in Sources */,
			);
			runOnlyForDeploymentPostprocessing = 0;
		};
/* End PBXSourcesBuildPhase section */

/* Begin PBXTargetDependency section */
		72BFB4911919098B00F1A8C8 /* PBXTargetDependency */ = {
			isa = PBXTargetDependency;
			target = 72BFB46F1919098B00F1A8C8 /* PegJumper */;
			targetProxy = 72BFB4901919098B00F1A8C8 /* PBXContainerItemProxy */;
		};
/* End PBXTargetDependency section */

/* Begin PBXVariantGroup section */
		72BFB47C1919098B00F1A8C8 /* InfoPlist.strings */ = {
			isa = PBXVariantGroup;
			children = (
				72BFB47D1919098B00F1A8C8 /* en */,
			);
			name = InfoPlist.strings;
			sourceTree = "<group>";
		};
		72BFB4951919098B00F1A8C8 /* InfoPlist.strings */ = {
			isa = PBXVariantGroup;
			children = (
				72BFB4961919098B00F1A8C8 /* en */,
			);
			name = InfoPlist.strings;
			sourceTree = "<group>";
		};
/* End PBXVariantGroup section */

/* Begin XCBuildConfiguration section */
		72BFB49A1919098B00F1A8C8 /* Debug */ = {
			isa = XCBuildConfiguration;
			buildSettings = {
				ALWAYS_SEARCH_USER_PATHS = NO;
				CLANG_CXX_LANGUAGE_STANDARD = "gnu++0x";
				CLANG_CXX_LIBRARY = "libc++";
				CLANG_ENABLE_MODULES = YES;
				CLANG_ENABLE_OBJC_ARC = YES;
				CLANG_WARN_BOOL_CONVERSION = YES;
				CLANG_WARN_CONSTANT_CONVERSION = YES;
				CLANG_WARN_DIRECT_OBJC_ISA_USAGE = YES_ERROR;
				CLANG_WARN_EMPTY_BODY = YES;
				CLANG_WARN_ENUM_CONVERSION = YES;
				CLANG_WARN_INT_CONVERSION = YES;
				CLANG_WARN_OBJC_ROOT_CLASS = YES_ERROR;
				CLANG_WARN__DUPLICATE_METHOD_MATCH = YES;
				"CODE_SIGN_IDENTITY[sdk=iphoneos*]" = "iPhone Developer";
				COPY_PHASE_STRIP = NO;
				GCC_C_LANGUAGE_STANDARD = gnu99;
				GCC_DYNAMIC_NO_PIC = NO;
				GCC_OPTIMIZATION_LEVEL = 0;
				GCC_PREPROCESSOR_DEFINITIONS = (
					"DEBUG=1",
					"$(inherited)",
				);
				GCC_SYMBOLS_PRIVATE_EXTERN = NO;
				GCC_WARN_64_TO_32_BIT_CONVERSION = YES;
				GCC_WARN_ABOUT_RETURN_TYPE = YES_ERROR;
				GCC_WARN_UNDECLARED_SELECTOR = YES;
				GCC_WARN_UNINITIALIZED_AUTOS = YES_AGGRESSIVE;
				GCC_WARN_UNUSED_FUNCTION = YES;
				GCC_WARN_UNUSED_VARIABLE = YES;
				IPHONEOS_DEPLOYMENT_TARGET = 7.1;
				ONLY_ACTIVE_ARCH = YES;
				SDKROOT = iphoneos;
			};
			name = Debug;
		};
		72BFB49B1919098B00F1A8C8 /* Release */ = {
			isa = XCBuildConfiguration;
			buildSettings = {
				ALWAYS_SEARCH_USER_PATHS = NO;
				CLANG_CXX_LANGUAGE_STANDARD = "gnu++0x";
				CLANG_CXX_LIBRARY = "libc++";
				CLANG_ENABLE_MODULES = YES;
				CLANG_ENABLE_OBJC_ARC = YES;
				CLANG_WARN_BOOL_CONVERSION = YES;
				CLANG_WARN_CONSTANT_CONVERSION = YES;
				CLANG_WARN_DIRECT_OBJC_ISA_USAGE = YES_ERROR;
				CLANG_WARN_EMPTY_BODY = YES;
				CLANG_WARN_ENUM_CONVERSION = YES;
				CLANG_WARN_INT_CONVERSION = YES;
				CLANG_WARN_OBJC_ROOT_CLASS = YES_ERROR;
				CLANG_WARN__DUPLICATE_METHOD_MATCH = YES;
				"CODE_SIGN_IDENTITY[sdk=iphoneos*]" = "iPhone Developer";
				COPY_PHASE_STRIP = YES;
				ENABLE_NS_ASSERTIONS = NO;
				GCC_C_LANGUAGE_STANDARD = gnu99;
				GCC_WARN_64_TO_32_BIT_CONVERSION = YES;
				GCC_WARN_ABOUT_RETURN_TYPE = YES_ERROR;
				GCC_WARN_UNDECLARED_SELECTOR = YES;
				GCC_WARN_UNINITIALIZED_AUTOS = YES_AGGRESSIVE;
				GCC_WARN_UNUSED_FUNCTION = YES;
				GCC_WARN_UNUSED_VARIABLE = YES;
				IPHONEOS_DEPLOYMENT_TARGET = 7.1;
				SDKROOT = iphoneos;
				VALIDATE_PRODUCT = YES;
			};
			name = Release;
		};
		72BFB49D1919098B00F1A8C8 /* Debug */ = {
			isa = XCBuildConfiguration;
			buildSettings = {
				ASSETCATALOG_COMPILER_APPICON_NAME = AppIcon;
				ASSETCATALOG_COMPILER_LAUNCHIMAGE_NAME = LaunchImage;
				GCC_PRECOMPILE_PREFIX_HEADER = YES;
				GCC_PREFIX_HEADER = "PegJumper/PegJumper-Prefix.pch";
				INFOPLIST_FILE = "PegJumper/PegJumper-Info.plist";
				PRODUCT_NAME = "$(TARGET_NAME)";
				WRAPPER_EXTENSION = app;
			};
			name = Debug;
		};
		72BFB49E1919098B00F1A8C8 /* Release */ = {
			isa = XCBuildConfiguration;
			buildSettings = {
				ASSETCATALOG_COMPILER_APPICON_NAME = AppIcon;
				ASSETCATALOG_COMPILER_LAUNCHIMAGE_NAME = LaunchImage;
				GCC_PRECOMPILE_PREFIX_HEADER = YES;
				GCC_PREFIX_HEADER = "PegJumper/PegJumper-Prefix.pch";
				INFOPLIST_FILE = "PegJumper/PegJumper-Info.plist";
				PRODUCT_NAME = "$(TARGET_NAME)";
				WRAPPER_EXTENSION = app;
			};
			name = Release;
		};
		72BFB4A01919098B00F1A8C8 /* Debug */ = {
			isa = XCBuildConfiguration;
			buildSettings = {
				BUNDLE_LOADER = "$(BUILT_PRODUCTS_DIR)/PegJumper.app/PegJumper";
				FRAMEWORK_SEARCH_PATHS = (
					"$(SDKROOT)/Developer/Library/Frameworks",
					"$(inherited)",
					"$(DEVELOPER_FRAMEWORKS_DIR)",
				);
				GCC_PRECOMPILE_PREFIX_HEADER = YES;
				GCC_PREFIX_HEADER = "PegJumper/PegJumper-Prefix.pch";
				GCC_PREPROCESSOR_DEFINITIONS = (
					"DEBUG=1",
					"$(inherited)",
				);
				INFOPLIST_FILE = "PegJumperTests/PegJumperTests-Info.plist";
				PRODUCT_NAME = "$(TARGET_NAME)";
				TEST_HOST = "$(BUNDLE_LOADER)";
				WRAPPER_EXTENSION = xctest;
			};
			name = Debug;
		};
		72BFB4A11919098B00F1A8C8 /* Release */ = {
			isa = XCBuildConfiguration;
			buildSettings = {
				BUNDLE_LOADER = "$(BUILT_PRODUCTS_DIR)/PegJumper.app/PegJumper";
				FRAMEWORK_SEARCH_PATHS = (
					"$(SDKROOT)/Developer/Library/Frameworks",
					"$(inherited)",
					"$(DEVELOPER_FRAMEWORKS_DIR)",
				);
				GCC_PRECOMPILE_PREFIX_HEADER = YES;
				GCC_PREFIX_HEADER = "PegJumper/PegJumper-Prefix.pch";
				INFOPLIST_FILE = "PegJumperTests/PegJumperTests-Info.plist";
				PRODUCT_NAME = "$(TARGET_NAME)";
				TEST_HOST = "$(BUNDLE_LOADER)";
				WRAPPER_EXTENSION = xctest;
			};
			name = Release;
		};
/* End XCBuildConfiguration section */

/* Begin XCConfigurationList section */
		72BFB46B1919098B00F1A8C8 /* Build configuration list for PBXProject "PegJumper" */ = {
			isa = XCConfigurationList;
			buildConfigurations = (
				72BFB49A1919098B00F1A8C8 /* Debug */,
				72BFB49B1919098B00F1A8C8 /* Release */,
			);
			defaultConfigurationIsVisible = 0;
			defaultConfigurationName = Release;
		};
		72BFB49C1919098B00F1A8C8 /* Build configuration list for PBXNativeTarget "PegJumper" */ = {
			isa = XCConfigurationList;
			buildConfigurations = (
				72BFB49D1919098B00F1A8C8 /* Debug */,
				72BFB49E1919098B00F1A8C8 /* Release */,
			);
			defaultConfigurationIsVisible = 0;
			defaultConfigurationName = Release;
		};
		72BFB49F1919098B00F1A8C8 /* Build configuration list for PBXNativeTarget "PegJumperTests" */ = {
			isa = XCConfigurationList;
			buildConfigurations = (
				72BFB4A01919098B00F1A8C8 /* Debug */,
				72BFB4A11919098B00F1A8C8 /* Release */,
			);
			defaultConfigurationIsVisible = 0;
			defaultConfigurationName = Release;
		};
/* End XCConfigurationList section */
	};
	rootObject = 72BFB4681919098B00F1A8C8 /* Project object */;
}
